
Microsoft Visual Studio Solution File, Format Version 11.00
# Visual C++ Express 2010
Project("{8BC9CEB8-8B4A-11D0-8D11-00A0C91BC942}") = "USACO", "USACO\USACO.vcxproj", "{243DCA3D-56CA-4A88-B8B4-AC745FC9409E}"
EndProject
Global
	GlobalSection(SolutionConfigurationPlatforms) = preSolution
		Debug|Win32 = Debug|Win32
		Release|Win32 = Release|Win32
	EndGlobalSection
	GlobalSection(ProjectConfigurationPlatforms) = postSolution
		{243DCA3D-56CA-4A88-B8B4-AC745FC9409E}.Debug|Win32.ActiveCfg = Debug|Win32
		{243DCA3D-56CA-4A88-B8B4-AC745FC9409E}.Debug|Win32.Build.0 = Debug|Win32
		{243DCA3D-56CA-4A88-B8B4-AC745FC9409E}.Release|Win32.ActiveCfg = Release|Win32
		{243DCA3D-56CA-4A88-B8B4-AC745FC9409E}.Release|Win32.Build.0 = Release|Win32
	EndGlobalSection
	GlobalSection(SolutionProperties) = preSolution
		HideSolutionNode = FALSE
	EndGlobalSection
EndGlobal
